
Microsoft Visual Studio Solution File, Format Version 12.00
# Visual Studio Version 16
VisualStudioVersion = 16.0.29503.13
MinimumVisualStudioVersion = 10.0.40219.1
Project("{FAE04EC0-301F-11D3-BF4B-00C04F79EFBC}") = "Cogax.DependencyInjectionExtensions", "Cogax.DependencyInjectionExtensions\Cogax.DependencyInjectionExtensions.csproj", "{644412C8-FF11-4569-BEEE-7E21C5F47513}"
EndProject
Project("{FAE04EC0-301F-11D3-BF4B-00C04F79EFBC}") = "Cogax.DependencyInjectionExtensions.Tests", "Cogax.DependencyInjectionExtensions.Tests\Cogax.DependencyInjectionExtensions.Tests.csproj", "{B96C1527-9A82-4FC1-A8DB-E7CB8D999F62}"
EndProject
Global
	GlobalSection(SolutionConfigurationPlatforms) = preSolution
		Debug|Any CPU = Debug|Any CPU
		Release|Any CPU = Release|Any CPU
	EndGlobalSection
	GlobalSection(ProjectConfigurationPlatforms) = postSolution
		{644412C8-FF11-4569-BEEE-7E21C5F47513}.Debug|Any CPU.ActiveCfg = Debug|Any CPU
		{644412C8-FF11-4569-BEEE-7E21C5F47513}.Debug|Any CPU.Build.0 = Debug|Any CPU
		{644412C8-FF11-4569-BEEE-7E21C5F47513}.Release|Any CPU.ActiveCfg = Release|Any CPU
		{644412C8-FF11-4569-BEEE-7E21C5F47513}.Release|Any CPU.Build.0 = Release|Any CPU
		{B96C1527-9A82-4FC1-A8DB-E7CB8D999F62}.Debug|Any CPU.ActiveCfg = Debug|Any CPU
		{B96C1527-9A82-4FC1-A8DB-E7CB8D999F62}.Debug|Any CPU.Build.0 = Debug|Any CPU
		{B96C1527-9A82-4FC1-A8DB-E7CB8D999F62}.Release|Any CPU.ActiveCfg = Release|Any CPU
		{B96C1527-9A82-4FC1-A8DB-E7CB8D999F62}.Release|Any CPU.Build.0 = Release|Any CPU
	EndGlobalSection
	GlobalSection(SolutionProperties) = preSolution
		HideSolutionNode = FALSE
	EndGlobalSection
	GlobalSection(ExtensibilityGlobals) = postSolution
		SolutionGuid = {CC69B8B3-8735-477A-A9C9-7DF867215436}
	EndGlobalSection
EndGlobal
